
Microsoft Visual Studio Solution File, Format Version 12.00
# Visual Studio Version 16
VisualStudioVersion = 16.0.29519.87
MinimumVisualStudioVersion = 10.0.40219.1
Project("{FAE04EC0-301F-11D3-BF4B-00C04F79EFBC}") = "AmbasJAK.Website", "AmbasJAK.Website\AmbasJAK.Website.csproj", "{8167CDF1-461F-4589-BB02-14452F88021E}"
EndProject
Global
	GlobalSection(SolutionConfigurationPlatforms) = preSolution
		Debug|Any CPU = Debug|Any CPU
		Release|Any CPU = Release|Any CPU
	EndGlobalSection
	GlobalSection(ProjectConfigurationPlatforms) = postSolution
		{8167CDF1-461F-4589-BB02-14452F88021E}.Debug|Any CPU.ActiveCfg = Debug|Any CPU
		{8167CDF1-461F-4589-BB02-14452F88021E}.Debug|Any CPU.Build.0 = Debug|Any CPU
		{8167CDF1-461F-4589-BB02-14452F88021E}.Release|Any CPU.ActiveCfg = Release|Any CPU
		{8167CDF1-461F-4589-BB02-14452F88021E}.Release|Any CPU.Build.0 = Release|Any CPU
	EndGlobalSection
	GlobalSection(SolutionProperties) = preSolution
		HideSolutionNode = FALSE
	EndGlobalSection
	GlobalSection(ExtensibilityGlobals) = postSolution
		SolutionGuid = {6BDF5B00-8A18-4E16-91B7-0118B1BF9E4A}
	EndGlobalSection
EndGlobal
